
Microsoft Visual Studio Solution File, Format Version 12.00
# Visual Studio 15
VisualStudioVersion = 15.0.28307.572
MinimumVisualStudioVersion = 10.0.40219.1
Project("{FAE04EC0-301F-11D3-BF4B-00C04F79EFBC}") = "ProjectADApi", "ProjectADApi\ProjectADApi.csproj", "{6B2719DE-48A5-4907-8A79-5DDB1558D156}"
EndProject
Project("{9A19103F-16F7-4668-BE54-9A1E7A4F7556}") = "Api.Database", "..\Api.Database\Api.Database.csproj", "{D7DCA4C4-A62B-435A-BDF3-CC4CC0D4B246}"
EndProject
Global
	GlobalSection(SolutionConfigurationPlatforms) = preSolution
		Debug|Any CPU = Debug|Any CPU
		Release|Any CPU = Release|Any CPU
	EndGlobalSection
	GlobalSection(ProjectConfigurationPlatforms) = postSolution
		{6B2719DE-48A5-4907-8A79-5DDB1558D156}.Debug|Any CPU.ActiveCfg = Debug|Any CPU
		{6B2719DE-48A5-4907-8A79-5DDB1558D156}.Debug|Any CPU.Build.0 = Debug|Any CPU
		{6B2719DE-48A5-4907-8A79-5DDB1558D156}.Release|Any CPU.ActiveCfg = Release|Any CPU
		{6B2719DE-48A5-4907-8A79-5DDB1558D156}.Release|Any CPU.Build.0 = Release|Any CPU
		{D7DCA4C4-A62B-435A-BDF3-CC4CC0D4B246}.Debug|Any CPU.ActiveCfg = Debug|Any CPU
		{D7DCA4C4-A62B-435A-BDF3-CC4CC0D4B246}.Debug|Any CPU.Build.0 = Debug|Any CPU
		{D7DCA4C4-A62B-435A-BDF3-CC4CC0D4B246}.Release|Any CPU.ActiveCfg = Release|Any CPU
		{D7DCA4C4-A62B-435A-BDF3-CC4CC0D4B246}.Release|Any CPU.Build.0 = Release|Any CPU
	EndGlobalSection
	GlobalSection(SolutionProperties) = preSolution
		HideSolutionNode = FALSE
	EndGlobalSection
	GlobalSection(ExtensibilityGlobals) = postSolution
		SolutionGuid = {A83E621D-3783-4B13-8F65-0704588C3CE4}
	EndGlobalSection
EndGlobal
